
Microsoft Visual Studio Solution File, Format Version 12.00
# Visual Studio 15
VisualStudioVersion = 15.0.28307.1705
MinimumVisualStudioVersion = 10.0.40219.1
Project("{8BC9CEB8-8B4A-11D0-8D11-00A0C91BC942}") = "Project2", "Project2\Project2.vcxproj", "{6C3FDDC1-93A2-4FDC-BC5C-3A06EC6A3101}"
EndProject
Global
	GlobalSection(SolutionConfigurationPlatforms) = preSolution
		Debug|x64 = Debug|x64
		Debug|x86 = Debug|x86
		Release|x64 = Release|x64
		Release|x86 = Release|x86
	EndGlobalSection
	GlobalSection(ProjectConfigurationPlatforms) = postSolution
		{6C3FDDC1-93A2-4FDC-BC5C-3A06EC6A3101}.Debug|x64.ActiveCfg = Debug|x64
		{6C3FDDC1-93A2-4FDC-BC5C-3A06EC6A3101}.Debug|x64.Build.0 = Debug|x64
		{6C3FDDC1-93A2-4FDC-BC5C-3A06EC6A3101}.Debug|x86.ActiveCfg = Debug|Win32
		{6C3FDDC1-93A2-4FDC-BC5C-3A06EC6A3101}.Debug|x86.Build.0 = Debug|Win32
		{6C3FDDC1-93A2-4FDC-BC5C-3A06EC6A3101}.Release|x64.ActiveCfg = Release|x64
		{6C3FDDC1-93A2-4FDC-BC5C-3A06EC6A3101}.Release|x64.Build.0 = Release|x64
		{6C3FDDC1-93A2-4FDC-BC5C-3A06EC6A3101}.Release|x86.ActiveCfg = Release|Win32
		{6C3FDDC1-93A2-4FDC-BC5C-3A06EC6A3101}.Release|x86.Build.0 = Release|Win32
	EndGlobalSection
	GlobalSection(SolutionProperties) = preSolution
		HideSolutionNode = FALSE
	EndGlobalSection
	GlobalSection(ExtensibilityGlobals) = postSolution
		SolutionGuid = {6E26AD9B-FBB6-4526-BCAE-8731D885DCFF}
	EndGlobalSection
EndGlobal
